
Microsoft Visual Studio Solution File, Format Version 12.00
# Visual Studio 2013
VisualStudioVersion = 12.0.31101.0
MinimumVisualStudioVersion = 10.0.40219.1
Project("{FAE04EC0-301F-11D3-BF4B-00C04F79EFBC}") = "Core", "Core\Core.csproj", "{685A0FFA-7D0E-427C-AAC7-10F53AD1C286}"
EndProject
Project("{2150E333-8FDC-42A3-9474-1A3956D46DE8}") = "Tests", "Tests", "{3A9CD3DA-ECE2-446F-AF36-4CF37CC6362C}"
EndProject
Project("{FAE04EC0-301F-11D3-BF4B-00C04F79EFBC}") = "Common", "Common\Common.csproj", "{51DB0AC7-7328-426B-BD88-8BBFF421889C}"
EndProject
Project("{FAE04EC0-301F-11D3-BF4B-00C04F79EFBC}") = "ConsoleClient", "ConsoleClient\ConsoleClient.csproj", "{6C7261CF-BF0C-4353-918F-880CB569CA60}"
EndProject
Project("{FAE04EC0-301F-11D3-BF4B-00C04F79EFBC}") = "CoreTests", "CoreTests\CoreTests.csproj", "{8C6A1C89-354D-4094-B97F-7DF89B4D2846}"
EndProject
Global
	GlobalSection(SolutionConfigurationPlatforms) = preSolution
		Debug|Any CPU = Debug|Any CPU
		Release|Any CPU = Release|Any CPU
	EndGlobalSection
	GlobalSection(ProjectConfigurationPlatforms) = postSolution
		{685A0FFA-7D0E-427C-AAC7-10F53AD1C286}.Debug|Any CPU.ActiveCfg = Debug|Any CPU
		{685A0FFA-7D0E-427C-AAC7-10F53AD1C286}.Debug|Any CPU.Build.0 = Debug|Any CPU
		{685A0FFA-7D0E-427C-AAC7-10F53AD1C286}.Release|Any CPU.ActiveCfg = Release|Any CPU
		{685A0FFA-7D0E-427C-AAC7-10F53AD1C286}.Release|Any CPU.Build.0 = Release|Any CPU
		{51DB0AC7-7328-426B-BD88-8BBFF421889C}.Debug|Any CPU.ActiveCfg = Debug|Any CPU
		{51DB0AC7-7328-426B-BD88-8BBFF421889C}.Debug|Any CPU.Build.0 = Debug|Any CPU
		{51DB0AC7-7328-426B-BD88-8BBFF421889C}.Release|Any CPU.ActiveCfg = Release|Any CPU
		{51DB0AC7-7328-426B-BD88-8BBFF421889C}.Release|Any CPU.Build.0 = Release|Any CPU
		{6C7261CF-BF0C-4353-918F-880CB569CA60}.Debug|Any CPU.ActiveCfg = Debug|Any CPU
		{6C7261CF-BF0C-4353-918F-880CB569CA60}.Debug|Any CPU.Build.0 = Debug|Any CPU
		{6C7261CF-BF0C-4353-918F-880CB569CA60}.Release|Any CPU.ActiveCfg = Release|Any CPU
		{6C7261CF-BF0C-4353-918F-880CB569CA60}.Release|Any CPU.Build.0 = Release|Any CPU
		{8C6A1C89-354D-4094-B97F-7DF89B4D2846}.Debug|Any CPU.ActiveCfg = Debug|Any CPU
		{8C6A1C89-354D-4094-B97F-7DF89B4D2846}.Debug|Any CPU.Build.0 = Debug|Any CPU
		{8C6A1C89-354D-4094-B97F-7DF89B4D2846}.Release|Any CPU.ActiveCfg = Release|Any CPU
		{8C6A1C89-354D-4094-B97F-7DF89B4D2846}.Release|Any CPU.Build.0 = Release|Any CPU
	EndGlobalSection
	GlobalSection(SolutionProperties) = preSolution
		HideSolutionNode = FALSE
	EndGlobalSection
	GlobalSection(NestedProjects) = preSolution
		{8C6A1C89-354D-4094-B97F-7DF89B4D2846} = {3A9CD3DA-ECE2-446F-AF36-4CF37CC6362C}
	EndGlobalSection
EndGlobal
